
Microsoft Visual Studio Solution File, Format Version 12.00
# Visual Studio 2012
Project("{FAE04EC0-301F-11D3-BF4B-00C04F79EFBC}") = "Noodle.Tests", "Source\Noodle.Tests\Noodle.Tests.csproj", "{D3226938-7FE2-4F24-8A4A-C6D83F7938CB}"
EndProject
Project("{FAE04EC0-301F-11D3-BF4B-00C04F79EFBC}") = "Noodle", "Source\Noodle\Noodle.csproj", "{944FEC3D-A47F-4C92-92AC-81B3420C1CAA}"
EndProject
Project("{2150E333-8FDC-42A3-9474-1A3956D46DE8}") = "Modules", "Modules", "{A91A0276-893B-4F56-964D-B3DA6D2CCC15}"
EndProject
Project("{FAE04EC0-301F-11D3-BF4B-00C04F79EFBC}") = "Noodle.Settings", "Source\Modules\Noodle.Settings\Noodle.Settings.csproj", "{87D9517A-5C51-4FFB-A7B5-04CE388788D9}"
EndProject
Project("{FAE04EC0-301F-11D3-BF4B-00C04F79EFBC}") = "Noodle.Settings.Tests", "Source\Modules\Noodle.Settings.Tests\Noodle.Settings.Tests.csproj", "{DBD71993-70E3-4B67-9D53-D1F221D13A7A}"
EndProject
Project("{FAE04EC0-301F-11D3-BF4B-00C04F79EFBC}") = "Noodle.MongoDB", "Source\Noodle.MongoDB\Noodle.MongoDB.csproj", "{7B5EA470-E66D-4CE5-8D48-6D4AD89EC62D}"
EndProject
Project("{FAE04EC0-301F-11D3-BF4B-00C04F79EFBC}") = "Noodle.Localization", "Source\Modules\Noodle.Localization\Noodle.Localization.csproj", "{99CF8D4B-2D70-4180-B7BA-CFC947C73A3F}"
EndProject
Project("{FAE04EC0-301F-11D3-BF4B-00C04F79EFBC}") = "Noodle.Localization.Tests", "Source\Modules\Noodle.Localization.Tests\Noodle.Localization.Tests.csproj", "{82CD0FB9-8E13-4B85-B1F4-6BE776D848D5}"
EndProject
Project("{2150E333-8FDC-42A3-9474-1A3956D46DE8}") = ".nuget", ".nuget", "{234122BA-798B-47C9-B1BB-D108CE7D6E63}"
	ProjectSection(SolutionItems) = preProject
		.nuget\packages.config = .nuget\packages.config
	EndProjectSection
EndProject
Project("{FAE04EC0-301F-11D3-BF4B-00C04F79EFBC}") = "Noodle.Imaging", "Source\Modules\Noodle.Imaging\Noodle.Imaging.csproj", "{87613F18-96CC-41C4-A295-BC6A386C1659}"
EndProject
Project("{FAE04EC0-301F-11D3-BF4B-00C04F79EFBC}") = "Noodle.Imaging.Tests", "Noodle.Imaging.Tests\Noodle.Imaging.Tests.csproj", "{3BA34AEE-839B-445A-ACFE-0151A4527FB5}"
EndProject
Project("{FAE04EC0-301F-11D3-BF4B-00C04F79EFBC}") = "Noodle.Logging", "Source\Modules\Noodle.Logging\Noodle.Logging.csproj", "{D11961E6-8056-4B31-B77A-AA6BCA315867}"
EndProject
Project("{FAE04EC0-301F-11D3-BF4B-00C04F79EFBC}") = "Noodle.Logging.Tests", "Source\Modules\Noodle.Logging.Tests\Noodle.Logging.Tests.csproj", "{08B2DC42-E190-4321-A270-3D289A42DB07}"
EndProject
Global
	GlobalSection(SolutionConfigurationPlatforms) = preSolution
		Debug|Any CPU = Debug|Any CPU
		Release|Any CPU = Release|Any CPU
	EndGlobalSection
	GlobalSection(ProjectConfigurationPlatforms) = postSolution
		{D3226938-7FE2-4F24-8A4A-C6D83F7938CB}.Debug|Any CPU.ActiveCfg = Debug|Any CPU
		{D3226938-7FE2-4F24-8A4A-C6D83F7938CB}.Debug|Any CPU.Build.0 = Debug|Any CPU
		{D3226938-7FE2-4F24-8A4A-C6D83F7938CB}.Release|Any CPU.ActiveCfg = Release|Any CPU
		{D3226938-7FE2-4F24-8A4A-C6D83F7938CB}.Release|Any CPU.Build.0 = Release|Any CPU
		{944FEC3D-A47F-4C92-92AC-81B3420C1CAA}.Debug|Any CPU.ActiveCfg = Debug|Any CPU
		{944FEC3D-A47F-4C92-92AC-81B3420C1CAA}.Debug|Any CPU.Build.0 = Debug|Any CPU
		{944FEC3D-A47F-4C92-92AC-81B3420C1CAA}.Release|Any CPU.ActiveCfg = Release|Any CPU
		{944FEC3D-A47F-4C92-92AC-81B3420C1CAA}.Release|Any CPU.Build.0 = Release|Any CPU
		{87D9517A-5C51-4FFB-A7B5-04CE388788D9}.Debug|Any CPU.ActiveCfg = Debug|Any CPU
		{87D9517A-5C51-4FFB-A7B5-04CE388788D9}.Debug|Any CPU.Build.0 = Debug|Any CPU
		{87D9517A-5C51-4FFB-A7B5-04CE388788D9}.Release|Any CPU.ActiveCfg = Release|Any CPU
		{87D9517A-5C51-4FFB-A7B5-04CE388788D9}.Release|Any CPU.Build.0 = Release|Any CPU
		{DBD71993-70E3-4B67-9D53-D1F221D13A7A}.Debug|Any CPU.ActiveCfg = Debug|Any CPU
		{DBD71993-70E3-4B67-9D53-D1F221D13A7A}.Debug|Any CPU.Build.0 = Debug|Any CPU
		{DBD71993-70E3-4B67-9D53-D1F221D13A7A}.Release|Any CPU.ActiveCfg = Release|Any CPU
		{DBD71993-70E3-4B67-9D53-D1F221D13A7A}.Release|Any CPU.Build.0 = Release|Any CPU
		{7B5EA470-E66D-4CE5-8D48-6D4AD89EC62D}.Debug|Any CPU.ActiveCfg = Debug|Any CPU
		{7B5EA470-E66D-4CE5-8D48-6D4AD89EC62D}.Debug|Any CPU.Build.0 = Debug|Any CPU
		{7B5EA470-E66D-4CE5-8D48-6D4AD89EC62D}.Release|Any CPU.ActiveCfg = Release|Any CPU
		{7B5EA470-E66D-4CE5-8D48-6D4AD89EC62D}.Release|Any CPU.Build.0 = Release|Any CPU
		{99CF8D4B-2D70-4180-B7BA-CFC947C73A3F}.Debug|Any CPU.ActiveCfg = Debug|Any CPU
		{99CF8D4B-2D70-4180-B7BA-CFC947C73A3F}.Debug|Any CPU.Build.0 = Debug|Any CPU
		{99CF8D4B-2D70-4180-B7BA-CFC947C73A3F}.Release|Any CPU.ActiveCfg = Release|Any CPU
		{99CF8D4B-2D70-4180-B7BA-CFC947C73A3F}.Release|Any CPU.Build.0 = Release|Any CPU
		{82CD0FB9-8E13-4B85-B1F4-6BE776D848D5}.Debug|Any CPU.ActiveCfg = Debug|Any CPU
		{82CD0FB9-8E13-4B85-B1F4-6BE776D848D5}.Debug|Any CPU.Build.0 = Debug|Any CPU
		{82CD0FB9-8E13-4B85-B1F4-6BE776D848D5}.Release|Any CPU.ActiveCfg = Release|Any CPU
		{82CD0FB9-8E13-4B85-B1F4-6BE776D848D5}.Release|Any CPU.Build.0 = Release|Any CPU
		{87613F18-96CC-41C4-A295-BC6A386C1659}.Debug|Any CPU.ActiveCfg = Debug|Any CPU
		{87613F18-96CC-41C4-A295-BC6A386C1659}.Debug|Any CPU.Build.0 = Debug|Any CPU
		{87613F18-96CC-41C4-A295-BC6A386C1659}.Release|Any CPU.ActiveCfg = Release|Any CPU
		{87613F18-96CC-41C4-A295-BC6A386C1659}.Release|Any CPU.Build.0 = Release|Any CPU
		{3BA34AEE-839B-445A-ACFE-0151A4527FB5}.Debug|Any CPU.ActiveCfg = Debug|Any CPU
		{3BA34AEE-839B-445A-ACFE-0151A4527FB5}.Debug|Any CPU.Build.0 = Debug|Any CPU
		{3BA34AEE-839B-445A-ACFE-0151A4527FB5}.Release|Any CPU.ActiveCfg = Release|Any CPU
		{3BA34AEE-839B-445A-ACFE-0151A4527FB5}.Release|Any CPU.Build.0 = Release|Any CPU
		{D11961E6-8056-4B31-B77A-AA6BCA315867}.Debug|Any CPU.ActiveCfg = Debug|Any CPU
		{D11961E6-8056-4B31-B77A-AA6BCA315867}.Debug|Any CPU.Build.0 = Debug|Any CPU
		{D11961E6-8056-4B31-B77A-AA6BCA315867}.Release|Any CPU.ActiveCfg = Release|Any CPU
		{D11961E6-8056-4B31-B77A-AA6BCA315867}.Release|Any CPU.Build.0 = Release|Any CPU
		{08B2DC42-E190-4321-A270-3D289A42DB07}.Debug|Any CPU.ActiveCfg = Debug|Any CPU
		{08B2DC42-E190-4321-A270-3D289A42DB07}.Debug|Any CPU.Build.0 = Debug|Any CPU
		{08B2DC42-E190-4321-A270-3D289A42DB07}.Release|Any CPU.ActiveCfg = Release|Any CPU
		{08B2DC42-E190-4321-A270-3D289A42DB07}.Release|Any CPU.Build.0 = Release|Any CPU
	EndGlobalSection
	GlobalSection(SolutionProperties) = preSolution
		HideSolutionNode = FALSE
	EndGlobalSection
	GlobalSection(NestedProjects) = preSolution
		{87D9517A-5C51-4FFB-A7B5-04CE388788D9} = {A91A0276-893B-4F56-964D-B3DA6D2CCC15}
		{DBD71993-70E3-4B67-9D53-D1F221D13A7A} = {A91A0276-893B-4F56-964D-B3DA6D2CCC15}
		{99CF8D4B-2D70-4180-B7BA-CFC947C73A3F} = {A91A0276-893B-4F56-964D-B3DA6D2CCC15}
		{82CD0FB9-8E13-4B85-B1F4-6BE776D848D5} = {A91A0276-893B-4F56-964D-B3DA6D2CCC15}
		{87613F18-96CC-41C4-A295-BC6A386C1659} = {A91A0276-893B-4F56-964D-B3DA6D2CCC15}
		{3BA34AEE-839B-445A-ACFE-0151A4527FB5} = {A91A0276-893B-4F56-964D-B3DA6D2CCC15}
		{D11961E6-8056-4B31-B77A-AA6BCA315867} = {A91A0276-893B-4F56-964D-B3DA6D2CCC15}
		{08B2DC42-E190-4321-A270-3D289A42DB07} = {A91A0276-893B-4F56-964D-B3DA6D2CCC15}
	EndGlobalSection
EndGlobal
