
Microsoft Visual Studio Solution File, Format Version 12.00
# Visual Studio 2012
Project("{FAE04EC0-301F-11D3-BF4B-00C04F79EFBC}") = "Noodle.Tests", "Source\Noodle.Tests\Noodle.Tests.csproj", "{D3226938-7FE2-4F24-8A4A-C6D83F7938CB}"
EndProject
Project("{FAE04EC0-301F-11D3-BF4B-00C04F79EFBC}") = "Noodle", "Source\Noodle\Noodle.csproj", "{944FEC3D-A47F-4C92-92AC-81B3420C1CAA}"
EndProject
Project("{2150E333-8FDC-42A3-9474-1A3956D46DE8}") = "Modules", "Modules", "{A91A0276-893B-4F56-964D-B3DA6D2CCC15}"
EndProject
Project("{FAE04EC0-301F-11D3-BF4B-00C04F79EFBC}") = "Noodle.Settings", "Source\Modules\Noodle.Settings\Noodle.Settings.csproj", "{87D9517A-5C51-4FFB-A7B5-04CE388788D9}"
EndProject
Project("{FAE04EC0-301F-11D3-BF4B-00C04F79EFBC}") = "Noodle.Settings.Tests", "Source\Modules\Noodle.Settings.Tests\Noodle.Settings.Tests.csproj", "{DBD71993-70E3-4B67-9D53-D1F221D13A7A}"
EndProject
Project("{FAE04EC0-301F-11D3-BF4B-00C04F79EFBC}") = "Noodle.MongoDB", "Source\Noodle.MongoDB\Noodle.MongoDB.csproj", "{7B5EA470-E66D-4CE5-8D48-6D4AD89EC62D}"
EndProject
Project("{FAE04EC0-301F-11D3-BF4B-00C04F79EFBC}") = "Noodle.Localization", "Source\Modules\Noodle.Localization\Noodle.Localization.csproj", "{99CF8D4B-2D70-4180-B7BA-CFC947C73A3F}"
EndProject
Project("{FAE04EC0-301F-11D3-BF4B-00C04F79EFBC}") = "Noodle.Localization.Tests", "Source\Modules\Noodle.Localization.Tests\Noodle.Localization.Tests.csproj", "{82CD0FB9-8E13-4B85-B1F4-6BE776D848D5}"
EndProject
Project("{2150E333-8FDC-42A3-9474-1A3956D46DE8}") = ".nuget", ".nuget", "{234122BA-798B-47C9-B1BB-D108CE7D6E63}"
	ProjectSection(SolutionItems) = preProject
		.nuget\packages.config = .nuget\packages.config
	EndProjectSection
EndProject
Project("{FAE04EC0-301F-11D3-BF4B-00C04F79EFBC}") = "Noodle.Logging", "Source\Modules\Noodle.Logging\Noodle.Logging.csproj", "{D11961E6-8056-4B31-B77A-AA6BCA315867}"
EndProject
Project("{FAE04EC0-301F-11D3-BF4B-00C04F79EFBC}") = "Noodle.Logging.Tests", "Source\Modules\Noodle.Logging.Tests\Noodle.Logging.Tests.csproj", "{08B2DC42-E190-4321-A270-3D289A42DB07}"
EndProject
Project("{2150E333-8FDC-42A3-9474-1A3956D46DE8}") = "Imaging", "Imaging", "{76DD4E6A-6334-4CDE-8B48-2903B0B1088F}"
EndProject
Project("{2150E333-8FDC-42A3-9474-1A3956D46DE8}") = "Localization", "Localization", "{F85D225B-2ED7-4FAF-9EEB-3B400BE838B5}"
EndProject
Project("{2150E333-8FDC-42A3-9474-1A3956D46DE8}") = "Logging", "Logging", "{BC396F98-CE02-41FB-AC4D-8AA664BF311B}"
EndProject
Project("{2150E333-8FDC-42A3-9474-1A3956D46DE8}") = "Settings", "Settings", "{B5F10B00-C113-4E78-9622-B3910414E1F3}"
EndProject
Project("{FAE04EC0-301F-11D3-BF4B-00C04F79EFBC}") = "Noodle.Localization.XmlEditor", "Source\Modules\Noodle.Localization.XmlEditor\Noodle.Localization.XmlEditor.csproj", "{DA888D1F-0D75-4607-8238-EE62E9C8EBDB}"
EndProject
Project("{FAE04EC0-301F-11D3-BF4B-00C04F79EFBC}") = "Noodle.Logging.Viewer", "Source\Modules\Noodle.Logging.Viewer\Noodle.Logging.Viewer.csproj", "{A1169AF7-6375-4443-99CF-42EBF9186B2A}"
EndProject
Project("{FAE04EC0-301F-11D3-BF4B-00C04F79EFBC}") = "Noodle.Imaging.AForge", "Source\Modules\Noodle.Imaging.AForge\Noodle.Imaging.AForge.csproj", "{C1AA0153-0701-46EF-9274-89B525983F30}"
EndProject
Project("{FAE04EC0-301F-11D3-BF4B-00C04F79EFBC}") = "Noodle.Imaging.AForge.Tests", "Source\Modules\Noodle.Imaging.AForge.Tests\Noodle.Imaging.AForge.Tests.csproj", "{EA85D7E6-5DCB-466B-B57A-8420DBEEE775}"
EndProject
Project("{2150E333-8FDC-42A3-9474-1A3956D46DE8}") = "Solution Items", "Solution Items", "{884A6F63-38BE-4633-9577-C9DBFB56380B}"
	ProjectSection(SolutionItems) = preProject
		README.md = README.md
	EndProjectSection
EndProject
Project("{FAE04EC0-301F-11D3-BF4B-00C04F79EFBC}") = "Noodle.Web", "Source\Noodle.Web\Noodle.Web.csproj", "{F29BBAC8-3C1A-48A6-8F9F-41F2FE4E25BD}"
EndProject
Global
	GlobalSection(SolutionConfigurationPlatforms) = preSolution
		Debug|Any CPU = Debug|Any CPU
		Release|Any CPU = Release|Any CPU
	EndGlobalSection
	GlobalSection(ProjectConfigurationPlatforms) = postSolution
		{D3226938-7FE2-4F24-8A4A-C6D83F7938CB}.Debug|Any CPU.ActiveCfg = Debug|Any CPU
		{D3226938-7FE2-4F24-8A4A-C6D83F7938CB}.Debug|Any CPU.Build.0 = Debug|Any CPU
		{D3226938-7FE2-4F24-8A4A-C6D83F7938CB}.Release|Any CPU.ActiveCfg = Release|Any CPU
		{D3226938-7FE2-4F24-8A4A-C6D83F7938CB}.Release|Any CPU.Build.0 = Release|Any CPU
		{944FEC3D-A47F-4C92-92AC-81B3420C1CAA}.Debug|Any CPU.ActiveCfg = Debug|Any CPU
		{944FEC3D-A47F-4C92-92AC-81B3420C1CAA}.Debug|Any CPU.Build.0 = Debug|Any CPU
		{944FEC3D-A47F-4C92-92AC-81B3420C1CAA}.Release|Any CPU.ActiveCfg = Release|Any CPU
		{944FEC3D-A47F-4C92-92AC-81B3420C1CAA}.Release|Any CPU.Build.0 = Release|Any CPU
		{87D9517A-5C51-4FFB-A7B5-04CE388788D9}.Debug|Any CPU.ActiveCfg = Debug|Any CPU
		{87D9517A-5C51-4FFB-A7B5-04CE388788D9}.Debug|Any CPU.Build.0 = Debug|Any CPU
		{87D9517A-5C51-4FFB-A7B5-04CE388788D9}.Release|Any CPU.ActiveCfg = Release|Any CPU
		{87D9517A-5C51-4FFB-A7B5-04CE388788D9}.Release|Any CPU.Build.0 = Release|Any CPU
		{DBD71993-70E3-4B67-9D53-D1F221D13A7A}.Debug|Any CPU.ActiveCfg = Debug|Any CPU
		{DBD71993-70E3-4B67-9D53-D1F221D13A7A}.Debug|Any CPU.Build.0 = Debug|Any CPU
		{DBD71993-70E3-4B67-9D53-D1F221D13A7A}.Release|Any CPU.ActiveCfg = Release|Any CPU
		{DBD71993-70E3-4B67-9D53-D1F221D13A7A}.Release|Any CPU.Build.0 = Release|Any CPU
		{7B5EA470-E66D-4CE5-8D48-6D4AD89EC62D}.Debug|Any CPU.ActiveCfg = Debug|Any CPU
		{7B5EA470-E66D-4CE5-8D48-6D4AD89EC62D}.Debug|Any CPU.Build.0 = Debug|Any CPU
		{7B5EA470-E66D-4CE5-8D48-6D4AD89EC62D}.Release|Any CPU.ActiveCfg = Release|Any CPU
		{7B5EA470-E66D-4CE5-8D48-6D4AD89EC62D}.Release|Any CPU.Build.0 = Release|Any CPU
		{99CF8D4B-2D70-4180-B7BA-CFC947C73A3F}.Debug|Any CPU.ActiveCfg = Debug|Any CPU
		{99CF8D4B-2D70-4180-B7BA-CFC947C73A3F}.Debug|Any CPU.Build.0 = Debug|Any CPU
		{99CF8D4B-2D70-4180-B7BA-CFC947C73A3F}.Release|Any CPU.ActiveCfg = Release|Any CPU
		{99CF8D4B-2D70-4180-B7BA-CFC947C73A3F}.Release|Any CPU.Build.0 = Release|Any CPU
		{82CD0FB9-8E13-4B85-B1F4-6BE776D848D5}.Debug|Any CPU.ActiveCfg = Debug|Any CPU
		{82CD0FB9-8E13-4B85-B1F4-6BE776D848D5}.Debug|Any CPU.Build.0 = Debug|Any CPU
		{82CD0FB9-8E13-4B85-B1F4-6BE776D848D5}.Release|Any CPU.ActiveCfg = Release|Any CPU
		{82CD0FB9-8E13-4B85-B1F4-6BE776D848D5}.Release|Any CPU.Build.0 = Release|Any CPU
		{D11961E6-8056-4B31-B77A-AA6BCA315867}.Debug|Any CPU.ActiveCfg = Debug|Any CPU
		{D11961E6-8056-4B31-B77A-AA6BCA315867}.Debug|Any CPU.Build.0 = Debug|Any CPU
		{D11961E6-8056-4B31-B77A-AA6BCA315867}.Release|Any CPU.ActiveCfg = Release|Any CPU
		{D11961E6-8056-4B31-B77A-AA6BCA315867}.Release|Any CPU.Build.0 = Release|Any CPU
		{08B2DC42-E190-4321-A270-3D289A42DB07}.Debug|Any CPU.ActiveCfg = Debug|Any CPU
		{08B2DC42-E190-4321-A270-3D289A42DB07}.Debug|Any CPU.Build.0 = Debug|Any CPU
		{08B2DC42-E190-4321-A270-3D289A42DB07}.Release|Any CPU.ActiveCfg = Release|Any CPU
		{08B2DC42-E190-4321-A270-3D289A42DB07}.Release|Any CPU.Build.0 = Release|Any CPU
		{DA888D1F-0D75-4607-8238-EE62E9C8EBDB}.Debug|Any CPU.ActiveCfg = Debug|Any CPU
		{DA888D1F-0D75-4607-8238-EE62E9C8EBDB}.Debug|Any CPU.Build.0 = Debug|Any CPU
		{DA888D1F-0D75-4607-8238-EE62E9C8EBDB}.Release|Any CPU.ActiveCfg = Release|Any CPU
		{DA888D1F-0D75-4607-8238-EE62E9C8EBDB}.Release|Any CPU.Build.0 = Release|Any CPU
		{A1169AF7-6375-4443-99CF-42EBF9186B2A}.Debug|Any CPU.ActiveCfg = Debug|Any CPU
		{A1169AF7-6375-4443-99CF-42EBF9186B2A}.Debug|Any CPU.Build.0 = Debug|Any CPU
		{A1169AF7-6375-4443-99CF-42EBF9186B2A}.Release|Any CPU.ActiveCfg = Release|Any CPU
		{A1169AF7-6375-4443-99CF-42EBF9186B2A}.Release|Any CPU.Build.0 = Release|Any CPU
		{C1AA0153-0701-46EF-9274-89B525983F30}.Debug|Any CPU.ActiveCfg = Debug|Any CPU
		{C1AA0153-0701-46EF-9274-89B525983F30}.Debug|Any CPU.Build.0 = Debug|Any CPU
		{C1AA0153-0701-46EF-9274-89B525983F30}.Release|Any CPU.ActiveCfg = Release|Any CPU
		{C1AA0153-0701-46EF-9274-89B525983F30}.Release|Any CPU.Build.0 = Release|Any CPU
		{EA85D7E6-5DCB-466B-B57A-8420DBEEE775}.Debug|Any CPU.ActiveCfg = Debug|Any CPU
		{EA85D7E6-5DCB-466B-B57A-8420DBEEE775}.Debug|Any CPU.Build.0 = Debug|Any CPU
		{EA85D7E6-5DCB-466B-B57A-8420DBEEE775}.Release|Any CPU.ActiveCfg = Release|Any CPU
		{EA85D7E6-5DCB-466B-B57A-8420DBEEE775}.Release|Any CPU.Build.0 = Release|Any CPU
		{F29BBAC8-3C1A-48A6-8F9F-41F2FE4E25BD}.Debug|Any CPU.ActiveCfg = Debug|Any CPU
		{F29BBAC8-3C1A-48A6-8F9F-41F2FE4E25BD}.Debug|Any CPU.Build.0 = Debug|Any CPU
		{F29BBAC8-3C1A-48A6-8F9F-41F2FE4E25BD}.Release|Any CPU.ActiveCfg = Release|Any CPU
		{F29BBAC8-3C1A-48A6-8F9F-41F2FE4E25BD}.Release|Any CPU.Build.0 = Release|Any CPU
	EndGlobalSection
	GlobalSection(SolutionProperties) = preSolution
		HideSolutionNode = FALSE
	EndGlobalSection
	GlobalSection(NestedProjects) = preSolution
		{B5F10B00-C113-4E78-9622-B3910414E1F3} = {A91A0276-893B-4F56-964D-B3DA6D2CCC15}
		{F85D225B-2ED7-4FAF-9EEB-3B400BE838B5} = {A91A0276-893B-4F56-964D-B3DA6D2CCC15}
		{BC396F98-CE02-41FB-AC4D-8AA664BF311B} = {A91A0276-893B-4F56-964D-B3DA6D2CCC15}
		{76DD4E6A-6334-4CDE-8B48-2903B0B1088F} = {A91A0276-893B-4F56-964D-B3DA6D2CCC15}
		{DBD71993-70E3-4B67-9D53-D1F221D13A7A} = {B5F10B00-C113-4E78-9622-B3910414E1F3}
		{87D9517A-5C51-4FFB-A7B5-04CE388788D9} = {B5F10B00-C113-4E78-9622-B3910414E1F3}
		{82CD0FB9-8E13-4B85-B1F4-6BE776D848D5} = {F85D225B-2ED7-4FAF-9EEB-3B400BE838B5}
		{99CF8D4B-2D70-4180-B7BA-CFC947C73A3F} = {F85D225B-2ED7-4FAF-9EEB-3B400BE838B5}
		{DA888D1F-0D75-4607-8238-EE62E9C8EBDB} = {F85D225B-2ED7-4FAF-9EEB-3B400BE838B5}
		{08B2DC42-E190-4321-A270-3D289A42DB07} = {BC396F98-CE02-41FB-AC4D-8AA664BF311B}
		{D11961E6-8056-4B31-B77A-AA6BCA315867} = {BC396F98-CE02-41FB-AC4D-8AA664BF311B}
		{A1169AF7-6375-4443-99CF-42EBF9186B2A} = {BC396F98-CE02-41FB-AC4D-8AA664BF311B}
		{C1AA0153-0701-46EF-9274-89B525983F30} = {76DD4E6A-6334-4CDE-8B48-2903B0B1088F}
		{EA85D7E6-5DCB-466B-B57A-8420DBEEE775} = {76DD4E6A-6334-4CDE-8B48-2903B0B1088F}
	EndGlobalSection
EndGlobal
